// !$*UTF8*$!
{
	archiveVersion = 1;
	classes = {
	};
	objectVersion = 55;
	objects = {

/* Begin PBXBuildFile section */
		81133B242892C20C006EA429 /* TableViewController.swift in Sources */ = {isa = PBXBuildFile; fileRef = 81133B232892C20C006EA429 /* TableViewController.swift */; };
		81133B262892CB8E006EA429 /* NameTableCell.swift in Sources */ = {isa = PBXBuildFile; fileRef = 81133B252892CB8E006EA429 /* NameTableCell.swift */; };
		81AAB20E28B65224003444E6 /* TableViewModel.swift in Sources */ = {isa = PBXBuildFile; fileRef = 81AAB20D28B65224003444E6 /* TableViewModel.swift */; };
		81B86EE528B5002400E890E1 /* GoogleService-Info.plist in Resources */ = {isa = PBXBuildFile; fileRef = 81B86EE428B5002400E890E1 /* GoogleService-Info.plist */; };
		81F857312883F7DA00967C7F /* AppDelegate.swift in Sources */ = {isa = PBXBuildFile; fileRef = 81F857302883F7DA00967C7F /* AppDelegate.swift */; };
		81F857332883F7DA00967C7F /* SceneDelegate.swift in Sources */ = {isa = PBXBuildFile; fileRef = 81F857322883F7DA00967C7F /* SceneDelegate.swift */; };
		81F857352883F7DA00967C7F /* ViewController.swift in Sources */ = {isa = PBXBuildFile; fileRef = 81F857342883F7DA00967C7F /* ViewController.swift */; };
		81F857382883F7DA00967C7F /* Main.storyboard in Resources */ = {isa = PBXBuildFile; fileRef = 81F857362883F7DA00967C7F /* Main.storyboard */; };
		81F8573A2883F7DB00967C7F /* Assets.xcassets in Resources */ = {isa = PBXBuildFile; fileRef = 81F857392883F7DB00967C7F /* Assets.xcassets */; };
		81F8573D2883F7DB00967C7F /* LaunchScreen.storyboard in Resources */ = {isa = PBXBuildFile; fileRef = 81F8573B2883F7DB00967C7F /* LaunchScreen.storyboard */; };
		81F85745288412EC00967C7F /* WeatherData.swift in Sources */ = {isa = PBXBuildFile; fileRef = 81F85744288412EC00967C7F /* WeatherData.swift */; };
		9073987073DAD95C888AD3FD /* Pods_Weather_App.framework in Frameworks */ = {isa = PBXBuildFile; fileRef = DA2789192E25974B30F2288C /* Pods_Weather_App.framework */; };
/* End PBXBuildFile section */

/* Begin PBXFileReference section */
		379762057C9F529B23119A5A /* Pods-Weather App.debug.xcconfig */ = {isa = PBXFileReference; includeInIndex = 1; lastKnownFileType = text.xcconfig; name = "Pods-Weather App.debug.xcconfig"; path = "Target Support Files/Pods-Weather App/Pods-Weather App.debug.xcconfig"; sourceTree = "<group>"; };
		81133B232892C20C006EA429 /* TableViewController.swift */ = {isa = PBXFileReference; lastKnownFileType = sourcecode.swift; path = TableViewController.swift; sourceTree = "<group>"; };
		81133B252892CB8E006EA429 /* NameTableCell.swift */ = {isa = PBXFileReference; lastKnownFileType = sourcecode.swift; path = NameTableCell.swift; sourceTree = "<group>"; };
		81AAB20D28B65224003444E6 /* TableViewModel.swift */ = {isa = PBXFileReference; lastKnownFileType = sourcecode.swift; path = TableViewModel.swift; sourceTree = "<group>"; };
		81B86EE428B5002400E890E1 /* GoogleService-Info.plist */ = {isa = PBXFileReference; fileEncoding = 4; lastKnownFileType = text.plist.xml; name = "GoogleService-Info.plist"; path = "../../../../Downloads/GoogleService-Info.plist"; sourceTree = "<group>"; };
		81F8572D2883F7DA00967C7F /* Weather App.app */ = {isa = PBXFileReference; explicitFileType = wrapper.application; includeInIndex = 0; path = "Weather App.app"; sourceTree = BUILT_PRODUCTS_DIR; };
		81F857302883F7DA00967C7F /* AppDelegate.swift */ = {isa = PBXFileReference; lastKnownFileType = sourcecode.swift; path = AppDelegate.swift; sourceTree = "<group>"; };
		81F857322883F7DA00967C7F /* SceneDelegate.swift */ = {isa = PBXFileReference; lastKnownFileType = sourcecode.swift; path = SceneDelegate.swift; sourceTree = "<group>"; };
		81F857342883F7DA00967C7F /* ViewController.swift */ = {isa = PBXFileReference; lastKnownFileType = sourcecode.swift; path = ViewController.swift; sourceTree = "<group>"; };
		81F857372883F7DA00967C7F /* Base */ = {isa = PBXFileReference; lastKnownFileType = file.storyboard; name = Base; path = Base.lproj/Main.storyboard; sourceTree = "<group>"; };
		81F857392883F7DB00967C7F /* Assets.xcassets */ = {isa = PBXFileReference; lastKnownFileType = folder.assetcatalog; path = Assets.xcassets; sourceTree = "<group>"; };
		81F8573C2883F7DB00967C7F /* Base */ = {isa = PBXFileReference; lastKnownFileType = file.storyboard; name = Base; path = Base.lproj/LaunchScreen.storyboard; sourceTree = "<group>"; };
		81F8573E2883F7DB00967C7F /* Info.plist */ = {isa = PBXFileReference; lastKnownFileType = text.plist.xml; path = Info.plist; sourceTree = "<group>"; };
		81F85744288412EC00967C7F /* WeatherData.swift */ = {isa = PBXFileReference; lastKnownFileType = sourcecode.swift; path = WeatherData.swift; sourceTree = "<group>"; };
		DA2789192E25974B30F2288C /* Pods_Weather_App.framework */ = {isa = PBXFileReference; explicitFileType = wrapper.framework; includeInIndex = 0; path = Pods_Weather_App.framework; sourceTree = BUILT_PRODUCTS_DIR; };
		FF18A7E1439812E186A5D955 /* Pods-Weather App.release.xcconfig */ = {isa = PBXFileReference; includeInIndex = 1; lastKnownFileType = text.xcconfig; name = "Pods-Weather App.release.xcconfig"; path = "Target Support Files/Pods-Weather App/Pods-Weather App.release.xcconfig"; sourceTree = "<group>"; };
/* End PBXFileReference section */

/* Begin PBXFrameworksBuildPhase section */
		81F8572A2883F7DA00967C7F /* Frameworks */ = {
			isa = PBXFrameworksBuildPhase;
			buildActionMask = 2147483647;
			files = (
				9073987073DAD95C888AD3FD /* Pods_Weather_App.framework in Frameworks */,
			);
			runOnlyForDeploymentPostprocessing = 0;
		};
/* End PBXFrameworksBuildPhase section */

/* Begin PBXGroup section */
		6751B0B78BCE63B07FDD2A11 /* Pods */ = {
			isa = PBXGroup;
			children = (
				379762057C9F529B23119A5A /* Pods-Weather App.debug.xcconfig */,
				FF18A7E1439812E186A5D955 /* Pods-Weather App.release.xcconfig */,
			);
			path = Pods;
			sourceTree = "<group>";
		};
		811E9B1B28F8487E00C083EE /* TableCityController */ = {
			isa = PBXGroup;
			children = (
				81AAB20928B651D2003444E6 /* Cell */,
				81F85744288412EC00967C7F /* WeatherData.swift */,
				81133B232892C20C006EA429 /* TableViewController.swift */,
				81AAB20D28B65224003444E6 /* TableViewModel.swift */,
			);
			path = TableCityController;
			sourceTree = "<group>";
		};
		81AAB20628B650E9003444E6 /* Flows */ = {
			isa = PBXGroup;
			children = (
				81AAB20728B6512E003444E6 /* FirstFlow */,
			);
			path = Flows;
			sourceTree = "<group>";
		};
		81AAB20728B6512E003444E6 /* FirstFlow */ = {
			isa = PBXGroup;
			children = (
				81AAB20828B65155003444E6 /* Controllers */,
			);
			path = FirstFlow;
			sourceTree = "<group>";
		};
		81AAB20828B65155003444E6 /* Controllers */ = {
			isa = PBXGroup;
			children = (
				81AAB20F28B664BC003444E6 /* WeatherController */,
				811E9B1B28F8487E00C083EE /* TableCityController */,
			);
			path = Controllers;
			sourceTree = "<group>";
		};
		81AAB20928B651D2003444E6 /* Cell */ = {
			isa = PBXGroup;
			children = (
				81133B252892CB8E006EA429 /* NameTableCell.swift */,
			);
			path = Cell;
			sourceTree = "<group>";
		};
		81AAB20F28B664BC003444E6 /* WeatherController */ = {
			isa = PBXGroup;
			children = (
				81F857342883F7DA00967C7F /* ViewController.swift */,
			);
			path = WeatherController;
			sourceTree = "<group>";
		};
		81F857242883F7DA00967C7F = {
			isa = PBXGroup;
			children = (
				81F8572F2883F7DA00967C7F /* Weather App */,
				81F8572E2883F7DA00967C7F /* Products */,
				6751B0B78BCE63B07FDD2A11 /* Pods */,
				D4AE9488998823E018ACBFBB /* Frameworks */,
			);
			sourceTree = "<group>";
		};
		81F8572E2883F7DA00967C7F /* Products */ = {
			isa = PBXGroup;
			children = (
				81F8572D2883F7DA00967C7F /* Weather App.app */,
			);
			name = Products;
			sourceTree = "<group>";
		};
		81F8572F2883F7DA00967C7F /* Weather App */ = {
			isa = PBXGroup;
			children = (
				81AAB20628B650E9003444E6 /* Flows */,
				81F857302883F7DA00967C7F /* AppDelegate.swift */,
				81F857322883F7DA00967C7F /* SceneDelegate.swift */,
				81F857362883F7DA00967C7F /* Main.storyboard */,
				81F857392883F7DB00967C7F /* Assets.xcassets */,
				81F8573B2883F7DB00967C7F /* LaunchScreen.storyboard */,
				81B86EE428B5002400E890E1 /* GoogleService-Info.plist */,
				81F8573E2883F7DB00967C7F /* Info.plist */,
			);
			path = "Weather App";
			sourceTree = "<group>";
		};
		D4AE9488998823E018ACBFBB /* Frameworks */ = {
			isa = PBXGroup;
			children = (
				DA2789192E25974B30F2288C /* Pods_Weather_App.framework */,
			);
			name = Frameworks;
			sourceTree = "<group>";
		};
/* End PBXGroup section */

/* Begin PBXNativeTarget section */
		81F8572C2883F7DA00967C7F /* Weather App */ = {
			isa = PBXNativeTarget;
			buildConfigurationList = 81F857412883F7DB00967C7F /* Build configuration list for PBXNativeTarget "Weather App" */;
			buildPhases = (
				16BAE5376EFDCAC326C76542 /* [CP] Check Pods Manifest.lock */,
				81F857292883F7DA00967C7F /* Sources */,
				81F8572A2883F7DA00967C7F /* Frameworks */,
				81F8572B2883F7DA00967C7F /* Resources */,
				B4DDB618DC0E92D31E856337 /* [CP] Embed Pods Frameworks */,
				81ADCC5428AE84C200570256 /* ShellScript */,
			);
			buildRules = (
			);
			dependencies = (
			);
			name = "Weather App";
			productName = "Weather App";
			productReference = 81F8572D2883F7DA00967C7F /* Weather App.app */;
			productType = "com.apple.product-type.application";
		};
/* End PBXNativeTarget section */

/* Begin PBXProject section */
		81F857252883F7DA00967C7F /* Project object */ = {
			isa = PBXProject;
			attributes = {
				BuildIndependentTargetsInParallel = 1;
				LastSwiftUpdateCheck = 1320;
				LastUpgradeCheck = 1320;
				TargetAttributes = {
					81F8572C2883F7DA00967C7F = {
						CreatedOnToolsVersion = 13.2.1;
					};
				};
			};
			buildConfigurationList = 81F857282883F7DA00967C7F /* Build configuration list for PBXProject "Weather App" */;
			compatibilityVersion = "Xcode 13.0";
			developmentRegion = en;
			hasScannedForEncodings = 0;
			knownRegions = (
				en,
				Base,
			);
			mainGroup = 81F857242883F7DA00967C7F;
			productRefGroup = 81F8572E2883F7DA00967C7F /* Products */;
			projectDirPath = "";
			projectRoot = "";
			targets = (
				81F8572C2883F7DA00967C7F /* Weather App */,
			);
		};
/* End PBXProject section */

/* Begin PBXResourcesBuildPhase section */
		81F8572B2883F7DA00967C7F /* Resources */ = {
			isa = PBXResourcesBuildPhase;
			buildActionMask = 2147483647;
			files = (
				81F8573D2883F7DB00967C7F /* LaunchScreen.storyboard in Resources */,
				81B86EE528B5002400E890E1 /* GoogleService-Info.plist in Resources */,
				81F8573A2883F7DB00967C7F /* Assets.xcassets in Resources */,
				81F857382883F7DA00967C7F /* Main.storyboard in Resources */,
			);
			runOnlyForDeploymentPostprocessing = 0;
		};
/* End PBXResourcesBuildPhase section */

/* Begin PBXShellScriptBuildPhase section */
		16BAE5376EFDCAC326C76542 /* [CP] Check Pods Manifest.lock */ = {
			isa = PBXShellScriptBuildPhase;
			buildActionMask = 2147483647;
			files = (
			);
			inputFileListPaths = (
			);
			inputPaths = (
				"${PODS_PODFILE_DIR_PATH}/Podfile.lock",
				"${PODS_ROOT}/Manifest.lock",
			);
			name = "[CP] Check Pods Manifest.lock";
			outputFileListPaths = (
			);
			outputPaths = (
				"$(DERIVED_FILE_DIR)/Pods-Weather App-checkManifestLockResult.txt",
			);
			runOnlyForDeploymentPostprocessing = 0;
			shellPath = /bin/sh;
			shellScript = "diff \"${PODS_PODFILE_DIR_PATH}/Podfile.lock\" \"${PODS_ROOT}/Manifest.lock\" > /dev/null\nif [ $? != 0 ] ; then\n    # print error to STDERR\n    echo \"error: The sandbox is not in sync with the Podfile.lock. Run 'pod install' or update your CocoaPods installation.\" >&2\n    exit 1\nfi\n# This output is used by Xcode 'outputs' to avoid re-running this script phase.\necho \"SUCCESS\" > \"${SCRIPT_OUTPUT_FILE_0}\"\n";
			showEnvVarsInLog = 0;
		};
		81ADCC5428AE84C200570256 /* ShellScript */ = {
			isa = PBXShellScriptBuildPhase;
			buildActionMask = 2147483647;
			files = (
			);
			inputFileListPaths = (
			);
			inputPaths = (
				"${DWARF_DSYM_FOLDER_PATH}/${DWARF_DSYM_FILE_NAME}/Contents/Resources/DWARF/${TARGET_NAME}",
				"$(SRCROOT)/$(BUILT_PRODUCTS_DIR)/$(INFOPLIST_PATH)",
			);
			outputFileListPaths = (
			);
			outputPaths = (
			);
			runOnlyForDeploymentPostprocessing = 0;
			shellPath = /bin/sh;
			shellScript = "\"${PODS_ROOT}/FirebaseCrashlytics/run\"\n";
		};
		B4DDB618DC0E92D31E856337 /* [CP] Embed Pods Frameworks */ = {
			isa = PBXShellScriptBuildPhase;
			buildActionMask = 2147483647;
			files = (
			);
			inputFileListPaths = (
				"${PODS_ROOT}/Target Support Files/Pods-Weather App/Pods-Weather App-frameworks-${CONFIGURATION}-input-files.xcfilelist",
			);
			name = "[CP] Embed Pods Frameworks";
			outputFileListPaths = (
				"${PODS_ROOT}/Target Support Files/Pods-Weather App/Pods-Weather App-frameworks-${CONFIGURATION}-output-files.xcfilelist",
			);
			runOnlyForDeploymentPostprocessing = 0;
			shellPath = /bin/sh;
			shellScript = "\"${PODS_ROOT}/Target Support Files/Pods-Weather App/Pods-Weather App-frameworks.sh\"\n";
			showEnvVarsInLog = 0;
		};
/* End PBXShellScriptBuildPhase section */

/* Begin PBXSourcesBuildPhase section */
		81F857292883F7DA00967C7F /* Sources */ = {
			isa = PBXSourcesBuildPhase;
			buildActionMask = 2147483647;
			files = (
				81F857352883F7DA00967C7F /* ViewController.swift in Sources */,
				81133B262892CB8E006EA429 /* NameTableCell.swift in Sources */,
				81F857312883F7DA00967C7F /* AppDelegate.swift in Sources */,
				81AAB20E28B65224003444E6 /* TableViewModel.swift in Sources */,
				81F85745288412EC00967C7F /* WeatherData.swift in Sources */,
				81133B242892C20C006EA429 /* TableViewController.swift in Sources */,
				81F857332883F7DA00967C7F /* SceneDelegate.swift in Sources */,
			);
			runOnlyForDeploymentPostprocessing = 0;
		};
/* End PBXSourcesBuildPhase section */

/* Begin PBXVariantGroup section */
		81F857362883F7DA00967C7F /* Main.storyboard */ = {
			isa = PBXVariantGroup;
			children = (
				81F857372883F7DA00967C7F /* Base */,
			);
			name = Main.storyboard;
			sourceTree = "<group>";
		};
		81F8573B2883F7DB00967C7F /* LaunchScreen.storyboard */ = {
			isa = PBXVariantGroup;
			children = (
				81F8573C2883F7DB00967C7F /* Base */,
			);
			name = LaunchScreen.storyboard;
			sourceTree = "<group>";
		};
/* End PBXVariantGroup section */

/* Begin XCBuildConfiguration section */
		81F8573F2883F7DB00967C7F /* Debug */ = {
			isa = XCBuildConfiguration;
			buildSettings = {
				ALWAYS_SEARCH_USER_PATHS = NO;
				CLANG_ANALYZER_NONNULL = YES;
				CLANG_ANALYZER_NUMBER_OBJECT_CONVERSION = YES_AGGRESSIVE;
				CLANG_CXX_LANGUAGE_STANDARD = "gnu++17";
				CLANG_CXX_LIBRARY = "libc++";
				CLANG_ENABLE_MODULES = YES;
				CLANG_ENABLE_OBJC_ARC = YES;
				CLANG_ENABLE_OBJC_WEAK = YES;
				CLANG_WARN_BLOCK_CAPTURE_AUTORELEASING = YES;
				CLANG_WARN_BOOL_CONVERSION = YES;
				CLANG_WARN_COMMA = YES;
				CLANG_WARN_CONSTANT_CONVERSION = YES;
				CLANG_WARN_DEPRECATED_OBJC_IMPLEMENTATIONS = YES;
				CLANG_WARN_DIRECT_OBJC_ISA_USAGE = YES_ERROR;
				CLANG_WARN_DOCUMENTATION_COMMENTS = YES;
				CLANG_WARN_EMPTY_BODY = YES;
				CLANG_WARN_ENUM_CONVERSION = YES;
				CLANG_WARN_INFINITE_RECURSION = YES;
				CLANG_WARN_INT_CONVERSION = YES;
				CLANG_WARN_NON_LITERAL_NULL_CONVERSION = YES;
				CLANG_WARN_OBJC_IMPLICIT_RETAIN_SELF = YES;
				CLANG_WARN_OBJC_LITERAL_CONVERSION = YES;
				CLANG_WARN_OBJC_ROOT_CLASS = YES_ERROR;
				CLANG_WARN_QUOTED_INCLUDE_IN_FRAMEWORK_HEADER = YES;
				CLANG_WARN_RANGE_LOOP_ANALYSIS = YES;
				CLANG_WARN_STRICT_PROTOTYPES = YES;
				CLANG_WARN_SUSPICIOUS_MOVE = YES;
				CLANG_WARN_UNGUARDED_AVAILABILITY = YES_AGGRESSIVE;
				CLANG_WARN_UNREACHABLE_CODE = YES;
				CLANG_WARN__DUPLICATE_METHOD_MATCH = YES;
				COPY_PHASE_STRIP = NO;
				DEBUG_INFORMATION_FORMAT = dwarf;
				ENABLE_STRICT_OBJC_MSGSEND = YES;
				ENABLE_TESTABILITY = YES;
				GCC_C_LANGUAGE_STANDARD = gnu11;
				GCC_DYNAMIC_NO_PIC = NO;
				GCC_NO_COMMON_BLOCKS = YES;
				GCC_OPTIMIZATION_LEVEL = 0;
				GCC_PREPROCESSOR_DEFINITIONS = (
					"DEBUG=1",
					"$(inherited)",
				);
				GCC_WARN_64_TO_32_BIT_CONVERSION = YES;
				GCC_WARN_ABOUT_RETURN_TYPE = YES_ERROR;
				GCC_WARN_UNDECLARED_SELECTOR = YES;
				GCC_WARN_UNINITIALIZED_AUTOS = YES_AGGRESSIVE;
				GCC_WARN_UNUSED_FUNCTION = YES;
				GCC_WARN_UNUSED_VARIABLE = YES;
				IPHONEOS_DEPLOYMENT_TARGET = 15.2;
				MTL_ENABLE_DEBUG_INFO = INCLUDE_SOURCE;
				MTL_FAST_MATH = YES;
				ONLY_ACTIVE_ARCH = YES;
				SDKROOT = iphoneos;
				SWIFT_ACTIVE_COMPILATION_CONDITIONS = DEBUG;
				SWIFT_OPTIMIZATION_LEVEL = "-Onone";
			};
			name = Debug;
		};
		81F857402883F7DB00967C7F /* Release */ = {
			isa = XCBuildConfiguration;
			buildSettings = {
				ALWAYS_SEARCH_USER_PATHS = NO;
				CLANG_ANALYZER_NONNULL = YES;
				CLANG_ANALYZER_NUMBER_OBJECT_CONVERSION = YES_AGGRESSIVE;
				CLANG_CXX_LANGUAGE_STANDARD = "gnu++17";
				CLANG_CXX_LIBRARY = "libc++";
				CLANG_ENABLE_MODULES = YES;
				CLANG_ENABLE_OBJC_ARC = YES;
				CLANG_ENABLE_OBJC_WEAK = YES;
				CLANG_WARN_BLOCK_CAPTURE_AUTORELEASING = YES;
				CLANG_WARN_BOOL_CONVERSION = YES;
				CLANG_WARN_COMMA = YES;
				CLANG_WARN_CONSTANT_CONVERSION = YES;
				CLANG_WARN_DEPRECATED_OBJC_IMPLEMENTATIONS = YES;
				CLANG_WARN_DIRECT_OBJC_ISA_USAGE = YES_ERROR;
				CLANG_WARN_DOCUMENTATION_COMMENTS = YES;
				CLANG_WARN_EMPTY_BODY = YES;
				CLANG_WARN_ENUM_CONVERSION = YES;
				CLANG_WARN_INFINITE_RECURSION = YES;
				CLANG_WARN_INT_CONVERSION = YES;
				CLANG_WARN_NON_LITERAL_NULL_CONVERSION = YES;
				CLANG_WARN_OBJC_IMPLICIT_RETAIN_SELF = YES;
				CLANG_WARN_OBJC_LITERAL_CONVERSION = YES;
				CLANG_WARN_OBJC_ROOT_CLASS = YES_ERROR;
				CLANG_WARN_QUOTED_INCLUDE_IN_FRAMEWORK_HEADER = YES;
				CLANG_WARN_RANGE_LOOP_ANALYSIS = YES;
				CLANG_WARN_STRICT_PROTOTYPES = YES;
				CLANG_WARN_SUSPICIOUS_MOVE = YES;
				CLANG_WARN_UNGUARDED_AVAILABILITY = YES_AGGRESSIVE;
				CLANG_WARN_UNREACHABLE_CODE = YES;
				CLANG_WARN__DUPLICATE_METHOD_MATCH = YES;
				COPY_PHASE_STRIP = NO;
				DEBUG_INFORMATION_FORMAT = "dwarf-with-dsym";
				ENABLE_NS_ASSERTIONS = NO;
				ENABLE_STRICT_OBJC_MSGSEND = YES;
				GCC_C_LANGUAGE_STANDARD = gnu11;
				GCC_NO_COMMON_BLOCKS = YES;
				GCC_WARN_64_TO_32_BIT_CONVERSION = YES;
				GCC_WARN_ABOUT_RETURN_TYPE = YES_ERROR;
				GCC_WARN_UNDECLARED_SELECTOR = YES;
				GCC_WARN_UNINITIALIZED_AUTOS = YES_AGGRESSIVE;
				GCC_WARN_UNUSED_FUNCTION = YES;
				GCC_WARN_UNUSED_VARIABLE = YES;
				IPHONEOS_DEPLOYMENT_TARGET = 15.2;
				MTL_ENABLE_DEBUG_INFO = NO;
				MTL_FAST_MATH = YES;
				SDKROOT = iphoneos;
				SWIFT_COMPILATION_MODE = wholemodule;
				SWIFT_OPTIMIZATION_LEVEL = "-O";
				VALIDATE_PRODUCT = YES;
			};
			name = Release;
		};
		81F857422883F7DB00967C7F /* Debug */ = {
			isa = XCBuildConfiguration;
			baseConfigurationReference = 379762057C9F529B23119A5A /* Pods-Weather App.debug.xcconfig */;
			buildSettings = {
				ASSETCATALOG_COMPILER_APPICON_NAME = AppIcon;
				ASSETCATALOG_COMPILER_GLOBAL_ACCENT_COLOR_NAME = AccentColor;
				CODE_SIGN_STYLE = Automatic;
				CURRENT_PROJECT_VERSION = 1;
				DEBUG_INFORMATION_FORMAT = "dwarf-with-dsym";
				GENERATE_INFOPLIST_FILE = YES;
				INFOPLIST_FILE = "Weather App/Info.plist";
				INFOPLIST_KEY_CFBundleDisplayName = "Weather App";
				INFOPLIST_KEY_UIApplicationSupportsIndirectInputEvents = YES;
				INFOPLIST_KEY_UILaunchStoryboardName = LaunchScreen;
				INFOPLIST_KEY_UIMainStoryboardFile = Main;
				INFOPLIST_KEY_UISupportedInterfaceOrientations = "UIInterfaceOrientationPortrait UIInterfaceOrientationLandscapeLeft";
				INFOPLIST_KEY_UISupportedInterfaceOrientations_iPad = "UIInterfaceOrientationPortrait UIInterfaceOrientationPortraitUpsideDown UIInterfaceOrientationLandscapeLeft UIInterfaceOrientationLandscapeRight";
				INFOPLIST_KEY_UISupportedInterfaceOrientations_iPhone = "UIInterfaceOrientationPortrait UIInterfaceOrientationLandscapeLeft UIInterfaceOrientationLandscapeRight";
				LD_RUNPATH_SEARCH_PATHS = (
					"$(inherited)",
					"@executable_path/Frameworks",
				);
				MARKETING_VERSION = 1.0;
				PRODUCT_BUNDLE_IDENTIFIER = "com.tms.Weather-App";
				PRODUCT_NAME = "$(TARGET_NAME)";
				SWIFT_EMIT_LOC_STRINGS = YES;
				SWIFT_VERSION = 5.0;
				TARGETED_DEVICE_FAMILY = 1;
			};
			name = Debug;
		};
		81F857432883F7DB00967C7F /* Release */ = {
			isa = XCBuildConfiguration;
			baseConfigurationReference = FF18A7E1439812E186A5D955 /* Pods-Weather App.release.xcconfig */;
			buildSettings = {
				ASSETCATALOG_COMPILER_APPICON_NAME = AppIcon;
				ASSETCATALOG_COMPILER_GLOBAL_ACCENT_COLOR_NAME = AccentColor;
				CODE_SIGN_STYLE = Automatic;
				CURRENT_PROJECT_VERSION = 1;
				GENERATE_INFOPLIST_FILE = YES;
				INFOPLIST_FILE = "Weather App/Info.plist";
				INFOPLIST_KEY_CFBundleDisplayName = "Weather App";
				INFOPLIST_KEY_UIApplicationSupportsIndirectInputEvents = YES;
				INFOPLIST_KEY_UILaunchStoryboardName = LaunchScreen;
				INFOPLIST_KEY_UIMainStoryboardFile = Main;
				INFOPLIST_KEY_UISupportedInterfaceOrientations = "UIInterfaceOrientationPortrait UIInterfaceOrientationLandscapeLeft";
				INFOPLIST_KEY_UISupportedInterfaceOrientations_iPad = "UIInterfaceOrientationPortrait UIInterfaceOrientationPortraitUpsideDown UIInterfaceOrientationLandscapeLeft UIInterfaceOrientationLandscapeRight";
				INFOPLIST_KEY_UISupportedInterfaceOrientations_iPhone = "UIInterfaceOrientationPortrait UIInterfaceOrientationLandscapeLeft UIInterfaceOrientationLandscapeRight";
				LD_RUNPATH_SEARCH_PATHS = (
					"$(inherited)",
					"@executable_path/Frameworks",
				);
				MARKETING_VERSION = 1.0;
				PRODUCT_BUNDLE_IDENTIFIER = "com.tms.Weather-App";
				PRODUCT_NAME = "$(TARGET_NAME)";
				SWIFT_EMIT_LOC_STRINGS = YES;
				SWIFT_VERSION = 5.0;
				TARGETED_DEVICE_FAMILY = 1;
			};
			name = Release;
		};
/* End XCBuildConfiguration section */

/* Begin XCConfigurationList section */
		81F857282883F7DA00967C7F /* Build configuration list for PBXProject "Weather App" */ = {
			isa = XCConfigurationList;
			buildConfigurations = (
				81F8573F2883F7DB00967C7F /* Debug */,
				81F857402883F7DB00967C7F /* Release */,
			);
			defaultConfigurationIsVisible = 0;
			defaultConfigurationName = Release;
		};
		81F857412883F7DB00967C7F /* Build configuration list for PBXNativeTarget "Weather App" */ = {
			isa = XCConfigurationList;
			buildConfigurations = (
				81F857422883F7DB00967C7F /* Debug */,
				81F857432883F7DB00967C7F /* Release */,
			);
			defaultConfigurationIsVisible = 0;
			defaultConfigurationName = Release;
		};
/* End XCConfigurationList section */
	};
	rootObject = 81F857252883F7DA00967C7F /* Project object */;
}
